
Microsoft Visual Studio Solution File, Format Version 12.00
# Visual Studio Version 16
VisualStudioVersion = 16.0.35731.53
MinimumVisualStudioVersion = 10.0.40219.1
Project("{D2ABAB84-BF74-430A-B69E-9DC6D40DDA17}") = "CAB430_Assessment1", "CAB430_Assessment1\CAB430_Assessment1.dwproj", "{36A088C5-DA3A-4B84-89AE-2C1CFC0126FD}"
EndProject
Global
	GlobalSection(SolutionConfigurationPlatforms) = preSolution
		Development|Default = Development|Default
	EndGlobalSection
	GlobalSection(ProjectConfigurationPlatforms) = postSolution
		{36A088C5-DA3A-4B84-89AE-2C1CFC0126FD}.Development|Default.ActiveCfg = Development
		{36A088C5-DA3A-4B84-89AE-2C1CFC0126FD}.Development|Default.Build.0 = Development
		{36A088C5-DA3A-4B84-89AE-2C1CFC0126FD}.Development|Default.Deploy.0 = Development
	EndGlobalSection
	GlobalSection(SolutionProperties) = preSolution
		HideSolutionNode = FALSE
	EndGlobalSection
	GlobalSection(ExtensibilityGlobals) = postSolution
		SolutionGuid = {931D0113-3D14-485D-A5E6-1995B55B5A4F}
	EndGlobalSection
EndGlobal
