
Microsoft Visual Studio Solution File, Format Version 12.00
# Visual Studio Version 16
VisualStudioVersion = 16.0.35706.149
MinimumVisualStudioVersion = 10.0.40219.1
Project("{D2ABAB84-BF74-430A-B69E-9DC6D40DDA17}") = "CAB430_A2_DB", "CAB430_A2_DB\CAB430_A2_DB.dwproj", "{A0457992-AACE-4612-A113-B3275206B55A}"
EndProject
Global
	GlobalSection(SolutionConfigurationPlatforms) = preSolution
		Development|Default = Development|Default
	EndGlobalSection
	GlobalSection(ProjectConfigurationPlatforms) = postSolution
		{A0457992-AACE-4612-A113-B3275206B55A}.Development|Default.ActiveCfg = Development
		{A0457992-AACE-4612-A113-B3275206B55A}.Development|Default.Build.0 = Development
		{A0457992-AACE-4612-A113-B3275206B55A}.Development|Default.Deploy.0 = Development
	EndGlobalSection
	GlobalSection(SolutionProperties) = preSolution
		HideSolutionNode = FALSE
	EndGlobalSection
	GlobalSection(ExtensibilityGlobals) = postSolution
		SolutionGuid = {72E06E9D-A8E7-49A7-8857-6F06FF78660C}
	EndGlobalSection
EndGlobal
